
Microsoft Visual Studio Solution File, Format Version 12.00
# Visual Studio Version 16
VisualStudioVersion = 16.0.33130.400
MinimumVisualStudioVersion = 10.0.40219.1
Project("{FAE04EC0-301F-11D3-BF4B-00C04F79EFBC}") = "GladiatorFights", "GladiatorFights\GladiatorFights.csproj", "{1CBD108A-CE04-4AB2-BAF0-699310E8A441}"
EndProject
Global
	GlobalSection(SolutionConfigurationPlatforms) = preSolution
		Debug|Any CPU = Debug|Any CPU
		Release|Any CPU = Release|Any CPU
	EndGlobalSection
	GlobalSection(ProjectConfigurationPlatforms) = postSolution
		{1CBD108A-CE04-4AB2-BAF0-699310E8A441}.Debug|Any CPU.ActiveCfg = Debug|Any CPU
		{1CBD108A-CE04-4AB2-BAF0-699310E8A441}.Debug|Any CPU.Build.0 = Debug|Any CPU
		{1CBD108A-CE04-4AB2-BAF0-699310E8A441}.Release|Any CPU.ActiveCfg = Release|Any CPU
		{1CBD108A-CE04-4AB2-BAF0-699310E8A441}.Release|Any CPU.Build.0 = Release|Any CPU
	EndGlobalSection
	GlobalSection(SolutionProperties) = preSolution
		HideSolutionNode = FALSE
	EndGlobalSection
	GlobalSection(ExtensibilityGlobals) = postSolution
		SolutionGuid = {30EF7190-7EDD-4272-8162-0C132A42107E}
	EndGlobalSection
EndGlobal
